
Microsoft Visual Studio Solution File, Format Version 12.00
# Visual Studio Version 17
VisualStudioVersion = 17.10.35122.118
MinimumVisualStudioVersion = 10.0.40219.1
Project("{FAE04EC0-301F-11D3-BF4B-00C04F79EFBC}") = "CollectionDemo1", "CollectionDemo1\CollectionDemo1.csproj", "{82CB4B2B-BB15-41E5-AB06-63F08963AE79}"
EndProject
Global
	GlobalSection(SolutionConfigurationPlatforms) = preSolution
		Debug|Any CPU = Debug|Any CPU
		Release|Any CPU = Release|Any CPU
	EndGlobalSection
	GlobalSection(ProjectConfigurationPlatforms) = postSolution
		{82CB4B2B-BB15-41E5-AB06-63F08963AE79}.Debug|Any CPU.ActiveCfg = Debug|Any CPU
		{82CB4B2B-BB15-41E5-AB06-63F08963AE79}.Debug|Any CPU.Build.0 = Debug|Any CPU
		{82CB4B2B-BB15-41E5-AB06-63F08963AE79}.Release|Any CPU.ActiveCfg = Release|Any CPU
		{82CB4B2B-BB15-41E5-AB06-63F08963AE79}.Release|Any CPU.Build.0 = Release|Any CPU
	EndGlobalSection
	GlobalSection(SolutionProperties) = preSolution
		HideSolutionNode = FALSE
	EndGlobalSection
	GlobalSection(ExtensibilityGlobals) = postSolution
		SolutionGuid = {82B884C1-3AC5-4FAE-B952-D4F7653F5AFB}
	EndGlobalSection
EndGlobal
