
Microsoft Visual Studio Solution File, Format Version 12.00
# Visual Studio Version 17
VisualStudioVersion = 17.10.35122.118
MinimumVisualStudioVersion = 10.0.40219.1
Project("{FAE04EC0-301F-11D3-BF4B-00C04F79EFBC}") = "GenericConstraintDemo", "GenericConstraintDemo\GenericConstraintDemo.csproj", "{034CC0C9-D991-4096-A28E-1CB1453D538B}"
EndProject
Global
	GlobalSection(SolutionConfigurationPlatforms) = preSolution
		Debug|Any CPU = Debug|Any CPU
		Release|Any CPU = Release|Any CPU
	EndGlobalSection
	GlobalSection(ProjectConfigurationPlatforms) = postSolution
		{034CC0C9-D991-4096-A28E-1CB1453D538B}.Debug|Any CPU.ActiveCfg = Debug|Any CPU
		{034CC0C9-D991-4096-A28E-1CB1453D538B}.Debug|Any CPU.Build.0 = Debug|Any CPU
		{034CC0C9-D991-4096-A28E-1CB1453D538B}.Release|Any CPU.ActiveCfg = Release|Any CPU
		{034CC0C9-D991-4096-A28E-1CB1453D538B}.Release|Any CPU.Build.0 = Release|Any CPU
	EndGlobalSection
	GlobalSection(SolutionProperties) = preSolution
		HideSolutionNode = FALSE
	EndGlobalSection
	GlobalSection(ExtensibilityGlobals) = postSolution
		SolutionGuid = {3F2B71DA-DD53-4EEB-B484-3A656CD71855}
	EndGlobalSection
EndGlobal
