
Microsoft Visual Studio Solution File, Format Version 12.00
# Visual Studio Version 17
VisualStudioVersion = 17.10.35122.118
MinimumVisualStudioVersion = 10.0.40219.1
Project("{FAE04EC0-301F-11D3-BF4B-00C04F79EFBC}") = "FieldExample", "FieldExample\FieldExample.csproj", "{50A791F8-6EA1-4058-A61B-C6493EC9FD30}"
EndProject
Global
	GlobalSection(SolutionConfigurationPlatforms) = preSolution
		Debug|Any CPU = Debug|Any CPU
		Release|Any CPU = Release|Any CPU
	EndGlobalSection
	GlobalSection(ProjectConfigurationPlatforms) = postSolution
		{50A791F8-6EA1-4058-A61B-C6493EC9FD30}.Debug|Any CPU.ActiveCfg = Debug|Any CPU
		{50A791F8-6EA1-4058-A61B-C6493EC9FD30}.Debug|Any CPU.Build.0 = Debug|Any CPU
		{50A791F8-6EA1-4058-A61B-C6493EC9FD30}.Release|Any CPU.ActiveCfg = Release|Any CPU
		{50A791F8-6EA1-4058-A61B-C6493EC9FD30}.Release|Any CPU.Build.0 = Release|Any CPU
	EndGlobalSection
	GlobalSection(SolutionProperties) = preSolution
		HideSolutionNode = FALSE
	EndGlobalSection
	GlobalSection(ExtensibilityGlobals) = postSolution
		SolutionGuid = {47CB2252-9713-495C-8D64-9AAB78237445}
	EndGlobalSection
EndGlobal
