
Microsoft Visual Studio Solution File, Format Version 12.00
# Visual Studio Version 17
VisualStudioVersion = 17.10.35122.118
MinimumVisualStudioVersion = 10.0.40219.1
Project("{FAE04EC0-301F-11D3-BF4B-00C04F79EFBC}") = "TaskDemo", "TaskDemo\TaskDemo.csproj", "{327F2503-C7FD-45A8-88F9-E0107B337994}"
EndProject
Global
	GlobalSection(SolutionConfigurationPlatforms) = preSolution
		Debug|Any CPU = Debug|Any CPU
		Release|Any CPU = Release|Any CPU
	EndGlobalSection
	GlobalSection(ProjectConfigurationPlatforms) = postSolution
		{327F2503-C7FD-45A8-88F9-E0107B337994}.Debug|Any CPU.ActiveCfg = Debug|Any CPU
		{327F2503-C7FD-45A8-88F9-E0107B337994}.Debug|Any CPU.Build.0 = Debug|Any CPU
		{327F2503-C7FD-45A8-88F9-E0107B337994}.Release|Any CPU.ActiveCfg = Release|Any CPU
		{327F2503-C7FD-45A8-88F9-E0107B337994}.Release|Any CPU.Build.0 = Release|Any CPU
	EndGlobalSection
	GlobalSection(SolutionProperties) = preSolution
		HideSolutionNode = FALSE
	EndGlobalSection
	GlobalSection(ExtensibilityGlobals) = postSolution
		SolutionGuid = {EE5C5941-600D-477D-8780-87EE1E566B18}
	EndGlobalSection
EndGlobal
